
Microsoft Visual Studio Solution File, Format Version 12.00
Project("{FAE04EC0-301F-11D3-BF4B-00C04F79EFBC}") = "LiteHttpListener", "LiteHttpListener\LiteHttpListener.csproj", "{8DA42110-B6EE-4CBA-A915-F8FFC44FFB66}"
EndProject
Project("{FAE04EC0-301F-11D3-BF4B-00C04F79EFBC}") = "Example", "Example\Example.csproj", "{406DDDC2-28B3-43EB-AD43-3C2AA4BE33F6}"
EndProject
Global
	GlobalSection(SolutionConfigurationPlatforms) = preSolution
		Debug|Any CPU = Debug|Any CPU
		Release|Any CPU = Release|Any CPU
	EndGlobalSection
	GlobalSection(ProjectConfigurationPlatforms) = postSolution
		{8DA42110-B6EE-4CBA-A915-F8FFC44FFB66}.Debug|Any CPU.ActiveCfg = Debug|Any CPU
		{8DA42110-B6EE-4CBA-A915-F8FFC44FFB66}.Debug|Any CPU.Build.0 = Debug|Any CPU
		{8DA42110-B6EE-4CBA-A915-F8FFC44FFB66}.Release|Any CPU.ActiveCfg = Release|Any CPU
		{8DA42110-B6EE-4CBA-A915-F8FFC44FFB66}.Release|Any CPU.Build.0 = Release|Any CPU
		{406DDDC2-28B3-43EB-AD43-3C2AA4BE33F6}.Debug|Any CPU.ActiveCfg = Debug|Any CPU
		{406DDDC2-28B3-43EB-AD43-3C2AA4BE33F6}.Debug|Any CPU.Build.0 = Debug|Any CPU
		{406DDDC2-28B3-43EB-AD43-3C2AA4BE33F6}.Release|Any CPU.ActiveCfg = Release|Any CPU
		{406DDDC2-28B3-43EB-AD43-3C2AA4BE33F6}.Release|Any CPU.Build.0 = Release|Any CPU
	EndGlobalSection
EndGlobal
